// !$*UTF8*$!
{
	archiveVersion = 1;
	classes = {
	};
	objectVersion = 46;
	objects = {

/* Begin PBXBuildFile section */
		753921D91C6FB9BE0086BB2D /* ConcurrencyViewController.swift in Sources */ = {isa = PBXBuildFile; fileRef = 753921D81C6FB9BE0086BB2D /* ConcurrencyViewController.swift */; };
		756B02621C798621007DC54A /* CollectionContainerViewController.swift in Sources */ = {isa = PBXBuildFile; fileRef = 756B02611C798621007DC54A /* CollectionContainerViewController.swift */; };
		7570D2DB1C600E6A00EA34D3 /* AppDelegate.swift in Sources */ = {isa = PBXBuildFile; fileRef = 7570D2D81C600E6A00EA34D3 /* AppDelegate.swift */; };
		7570D2DC1C600E6A00EA34D3 /* StarterViewController.swift in Sources */ = {isa = PBXBuildFile; fileRef = 7570D2DA1C600E6A00EA34D3 /* StarterViewController.swift */; };
		7570D2DE1C600E8B00EA34D3 /* SplashScreenViewController.swift in Sources */ = {isa = PBXBuildFile; fileRef = 7570D2DD1C600E8B00EA34D3 /* SplashScreenViewController.swift */; };
		7573DE001C7780A700E3C37F /* UIViewsViewController.swift in Sources */ = {isa = PBXBuildFile; fileRef = 7573DDFF1C7780A700E3C37F /* UIViewsViewController.swift */; };
		759F58AA1C75008B009C6E51 /* AnimatedGifBoxView.xib in Resources */ = {isa = PBXBuildFile; fileRef = 759F58A91C75008B009C6E51 /* AnimatedGifBoxView.xib */; };
		759F58AC1C7500C5009C6E51 /* UIImage+AnimatedGif.swift in Sources */ = {isa = PBXBuildFile; fileRef = 759F58AB1C7500C5009C6E51 /* UIImage+AnimatedGif.swift */; };
		759F58AE1C750168009C6E51 /* AnimatedGifBoxView.swift in Sources */ = {isa = PBXBuildFile; fileRef = 759F58AD1C750168009C6E51 /* AnimatedGifBoxView.swift */; };
		75C2C8E41C7554EA00D42707 /* NibView.swift in Sources */ = {isa = PBXBuildFile; fileRef = 75C2C8E31C7554EA00D42707 /* NibView.swift */; };
		75D75AFF1C77B4FE0095CE05 /* running_cat_transparent.gif in Resources */ = {isa = PBXBuildFile; fileRef = 75D75AFE1C77B4FE0095CE05 /* running_cat_transparent.gif */; };
		75D7A4D01C4E924400CDD88F /* SomeAppTests.swift in Sources */ = {isa = PBXBuildFile; fileRef = 75D7A4CF1C4E924400CDD88F /* SomeAppTests.swift */; };
		75D7A4DB1C4E924400CDD88F /* SomeAppUITests.swift in Sources */ = {isa = PBXBuildFile; fileRef = 75D7A4DA1C4E924400CDD88F /* SomeAppUITests.swift */; };
		75DCE39A1C76381A00FF6F18 /* ToastMessage.swift in Sources */ = {isa = PBXBuildFile; fileRef = 75DCE3991C76381A00FF6F18 /* ToastMessage.swift */; };
		75DCE39C1C76382900FF6F18 /* ToastMessage.xib in Resources */ = {isa = PBXBuildFile; fileRef = 75DCE39B1C76382900FF6F18 /* ToastMessage.xib */; };
		75F1AD701C6E8C92005D7FCA /* Assets.xcassets in Resources */ = {isa = PBXBuildFile; fileRef = 75F1AD691C6E8C92005D7FCA /* Assets.xcassets */; };
		75F1AD721C6E8C92005D7FCA /* SomeApp.xcdatamodeld in Sources */ = {isa = PBXBuildFile; fileRef = 75F1AD6B1C6E8C92005D7FCA /* SomeApp.xcdatamodeld */; };
		75F1AD731C6E8C92005D7FCA /* LaunchScreen.storyboard in Resources */ = {isa = PBXBuildFile; fileRef = 75F1AD6E1C6E8C92005D7FCA /* LaunchScreen.storyboard */; };
		75F1AD741C6E8C92005D7FCA /* Main.storyboard in Resources */ = {isa = PBXBuildFile; fileRef = 75F1AD6F1C6E8C92005D7FCA /* Main.storyboard */; };
		75F1AD7A1C6E8CBC005D7FCA /* PerrFuncs.swift in Sources */ = {isa = PBXBuildFile; fileRef = 75F1AD791C6E8CBC005D7FCA /* PerrFuncs.swift */; };
		75F1AD811C6F3D5B005D7FCA /* LeftMenuViewController.swift in Sources */ = {isa = PBXBuildFile; fileRef = 75F1AD801C6F3D5B005D7FCA /* LeftMenuViewController.swift */; };
		75F1AD831C6F4011005D7FCA /* OperatorsViewController.swift in Sources */ = {isa = PBXBuildFile; fileRef = 75F1AD821C6F4010005D7FCA /* OperatorsViewController.swift */; };
		75F1AD851C6F42BC005D7FCA /* MainViewController.swift in Sources */ = {isa = PBXBuildFile; fileRef = 75F1AD841C6F42BC005D7FCA /* MainViewController.swift */; };
		75F1AD8B1C6F780F005D7FCA /* Constants.swift in Sources */ = {isa = PBXBuildFile; fileRef = 75F1AD8A1C6F780F005D7FCA /* Constants.swift */; };
		75F1AD8D1C6F7BB4005D7FCA /* DataViewController.swift in Sources */ = {isa = PBXBuildFile; fileRef = 75F1AD8C1C6F7BB4005D7FCA /* DataViewController.swift */; };
		E7C5AF2B4FAB2D3E019A06A4 /* libPods.a in Frameworks */ = {isa = PBXBuildFile; fileRef = F43C2A525847F823E4E5B03E /* libPods.a */; };
/* End PBXBuildFile section */

/* Begin PBXContainerItemProxy section */
		75D7A4CC1C4E924400CDD88F /* PBXContainerItemProxy */ = {
			isa = PBXContainerItemProxy;
			containerPortal = 75D7A4AC1C4E924400CDD88F /* Project object */;
			proxyType = 1;
			remoteGlobalIDString = 75D7A4B31C4E924400CDD88F;
			remoteInfo = SomeApp;
		};
		75D7A4D71C4E924400CDD88F /* PBXContainerItemProxy */ = {
			isa = PBXContainerItemProxy;
			containerPortal = 75D7A4AC1C4E924400CDD88F /* Project object */;
			proxyType = 1;
			remoteGlobalIDString = 75D7A4B31C4E924400CDD88F;
			remoteInfo = SomeApp;
		};
/* End PBXContainerItemProxy section */

/* Begin PBXFileReference section */
		403511240D2B0B8D83C4B099 /* Pods.release.xcconfig */ = {isa = PBXFileReference; includeInIndex = 1; lastKnownFileType = text.xcconfig; name = Pods.release.xcconfig; path = "Pods/Target Support Files/Pods/Pods.release.xcconfig"; sourceTree = "<group>"; };
		753921D81C6FB9BE0086BB2D /* ConcurrencyViewController.swift */ = {isa = PBXFileReference; fileEncoding = 4; lastKnownFileType = sourcecode.swift; path = ConcurrencyViewController.swift; sourceTree = "<group>"; };
		756B02611C798621007DC54A /* CollectionContainerViewController.swift */ = {isa = PBXFileReference; fileEncoding = 4; lastKnownFileType = sourcecode.swift; path = CollectionContainerViewController.swift; sourceTree = "<group>"; };
		7570D2D81C600E6A00EA34D3 /* AppDelegate.swift */ = {isa = PBXFileReference; fileEncoding = 4; lastKnownFileType = sourcecode.swift; path = AppDelegate.swift; sourceTree = "<group>"; };
		7570D2DA1C600E6A00EA34D3 /* StarterViewController.swift */ = {isa = PBXFileReference; fileEncoding = 4; lastKnownFileType = sourcecode.swift; path = StarterViewController.swift; sourceTree = "<group>"; };
		7570D2DD1C600E8B00EA34D3 /* SplashScreenViewController.swift */ = {isa = PBXFileReference; fileEncoding = 4; lastKnownFileType = sourcecode.swift; path = SplashScreenViewController.swift; sourceTree = "<group>"; };
		7573DDFF1C7780A700E3C37F /* UIViewsViewController.swift */ = {isa = PBXFileReference; fileEncoding = 4; lastKnownFileType = sourcecode.swift; path = UIViewsViewController.swift; sourceTree = "<group>"; };
		759F58A91C75008B009C6E51 /* AnimatedGifBoxView.xib */ = {isa = PBXFileReference; fileEncoding = 4; lastKnownFileType = file.xib; path = AnimatedGifBoxView.xib; sourceTree = "<group>"; };
		759F58AB1C7500C5009C6E51 /* UIImage+AnimatedGif.swift */ = {isa = PBXFileReference; fileEncoding = 4; lastKnownFileType = sourcecode.swift; path = "UIImage+AnimatedGif.swift"; sourceTree = "<group>"; };
		759F58AD1C750168009C6E51 /* AnimatedGifBoxView.swift */ = {isa = PBXFileReference; fileEncoding = 4; lastKnownFileType = sourcecode.swift; path = AnimatedGifBoxView.swift; sourceTree = "<group>"; };
		75C2C8E31C7554EA00D42707 /* NibView.swift */ = {isa = PBXFileReference; fileEncoding = 4; lastKnownFileType = sourcecode.swift; path = NibView.swift; sourceTree = "<group>"; };
		75D75AFE1C77B4FE0095CE05 /* running_cat_transparent.gif */ = {isa = PBXFileReference; lastKnownFileType = image.gif; path = running_cat_transparent.gif; sourceTree = "<group>"; };
		75D7A4B41C4E924400CDD88F /* SomeApp.app */ = {isa = PBXFileReference; explicitFileType = wrapper.application; includeInIndex = 0; path = SomeApp.app; sourceTree = BUILT_PRODUCTS_DIR; };
		75D7A4CB1C4E924400CDD88F /* SomeAppTests.xctest */ = {isa = PBXFileReference; explicitFileType = wrapper.cfbundle; includeInIndex = 0; path = SomeAppTests.xctest; sourceTree = BUILT_PRODUCTS_DIR; };
		75D7A4CF1C4E924400CDD88F /* SomeAppTests.swift */ = {isa = PBXFileReference; lastKnownFileType = sourcecode.swift; path = SomeAppTests.swift; sourceTree = "<group>"; };
		75D7A4D11C4E924400CDD88F /* Info.plist */ = {isa = PBXFileReference; lastKnownFileType = text.plist.xml; path = Info.plist; sourceTree = "<group>"; };
		75D7A4D61C4E924400CDD88F /* SomeAppUITests.xctest */ = {isa = PBXFileReference; explicitFileType = wrapper.cfbundle; includeInIndex = 0; path = SomeAppUITests.xctest; sourceTree = BUILT_PRODUCTS_DIR; };
		75D7A4DA1C4E924400CDD88F /* SomeAppUITests.swift */ = {isa = PBXFileReference; lastKnownFileType = sourcecode.swift; path = SomeAppUITests.swift; sourceTree = "<group>"; };
		75D7A4DC1C4E924400CDD88F /* Info.plist */ = {isa = PBXFileReference; lastKnownFileType = text.plist.xml; path = Info.plist; sourceTree = "<group>"; };
		75DCE3991C76381A00FF6F18 /* ToastMessage.swift */ = {isa = PBXFileReference; fileEncoding = 4; lastKnownFileType = sourcecode.swift; path = ToastMessage.swift; sourceTree = "<group>"; };
		75DCE39B1C76382900FF6F18 /* ToastMessage.xib */ = {isa = PBXFileReference; fileEncoding = 4; lastKnownFileType = file.xib; path = ToastMessage.xib; sourceTree = "<group>"; };
		75F1AD691C6E8C92005D7FCA /* Assets.xcassets */ = {isa = PBXFileReference; lastKnownFileType = folder.assetcatalog; path = Assets.xcassets; sourceTree = "<group>"; };
		75F1AD6A1C6E8C92005D7FCA /* Info.plist */ = {isa = PBXFileReference; fileEncoding = 4; lastKnownFileType = text.plist.xml; path = Info.plist; sourceTree = "<group>"; };
		75F1AD6C1C6E8C92005D7FCA /* SomeApp.xcdatamodel */ = {isa = PBXFileReference; lastKnownFileType = wrapper.xcdatamodel; path = SomeApp.xcdatamodel; sourceTree = "<group>"; };
		75F1AD6E1C6E8C92005D7FCA /* LaunchScreen.storyboard */ = {isa = PBXFileReference; fileEncoding = 4; lastKnownFileType = file.storyboard; path = LaunchScreen.storyboard; sourceTree = "<group>"; };
		75F1AD6F1C6E8C92005D7FCA /* Main.storyboard */ = {isa = PBXFileReference; fileEncoding = 4; lastKnownFileType = file.storyboard; path = Main.storyboard; sourceTree = "<group>"; };
		75F1AD791C6E8CBC005D7FCA /* PerrFuncs.swift */ = {isa = PBXFileReference; fileEncoding = 4; lastKnownFileType = sourcecode.swift; path = PerrFuncs.swift; sourceTree = "<group>"; };
		75F1AD801C6F3D5B005D7FCA /* LeftMenuViewController.swift */ = {isa = PBXFileReference; fileEncoding = 4; lastKnownFileType = sourcecode.swift; path = LeftMenuViewController.swift; sourceTree = "<group>"; };
		75F1AD821C6F4010005D7FCA /* OperatorsViewController.swift */ = {isa = PBXFileReference; fileEncoding = 4; lastKnownFileType = sourcecode.swift; path = OperatorsViewController.swift; sourceTree = "<group>"; };
		75F1AD841C6F42BC005D7FCA /* MainViewController.swift */ = {isa = PBXFileReference; fileEncoding = 4; lastKnownFileType = sourcecode.swift; path = MainViewController.swift; sourceTree = "<group>"; };
		75F1AD861C6F4B8A005D7FCA /* SomeApp-Bridging-Header.h */ = {isa = PBXFileReference; fileEncoding = 4; lastKnownFileType = sourcecode.c.h; path = "SomeApp-Bridging-Header.h"; sourceTree = "<group>"; };
		75F1AD8A1C6F780F005D7FCA /* Constants.swift */ = {isa = PBXFileReference; fileEncoding = 4; lastKnownFileType = sourcecode.swift; path = Constants.swift; sourceTree = "<group>"; };
		75F1AD8C1C6F7BB4005D7FCA /* DataViewController.swift */ = {isa = PBXFileReference; fileEncoding = 4; lastKnownFileType = sourcecode.swift; path = DataViewController.swift; sourceTree = "<group>"; };
		DB0C033BF3BDE91234F4F6BC /* Pods.debug.xcconfig */ = {isa = PBXFileReference; includeInIndex = 1; lastKnownFileType = text.xcconfig; name = Pods.debug.xcconfig; path = "Pods/Target Support Files/Pods/Pods.debug.xcconfig"; sourceTree = "<group>"; };
		F43C2A525847F823E4E5B03E /* libPods.a */ = {isa = PBXFileReference; explicitFileType = archive.ar; includeInIndex = 0; path = libPods.a; sourceTree = BUILT_PRODUCTS_DIR; };
/* End PBXFileReference section */

/* Begin PBXFrameworksBuildPhase section */
		75D7A4B11C4E924400CDD88F /* Frameworks */ = {
			isa = PBXFrameworksBuildPhase;
			buildActionMask = 2147483647;
			files = (
				E7C5AF2B4FAB2D3E019A06A4 /* libPods.a in Frameworks */,
			);
			runOnlyForDeploymentPostprocessing = 0;
		};
		75D7A4C81C4E924400CDD88F /* Frameworks */ = {
			isa = PBXFrameworksBuildPhase;
			buildActionMask = 2147483647;
			files = (
			);
			runOnlyForDeploymentPostprocessing = 0;
		};
		75D7A4D31C4E924400CDD88F /* Frameworks */ = {
			isa = PBXFrameworksBuildPhase;
			buildActionMask = 2147483647;
			files = (
			);
			runOnlyForDeploymentPostprocessing = 0;
		};
/* End PBXFrameworksBuildPhase section */

/* Begin PBXGroup section */
		754E8107255DB6E0CF6DE17A /* Pods */ = {
			isa = PBXGroup;
			children = (
				DB0C033BF3BDE91234F4F6BC /* Pods.debug.xcconfig */,
				403511240D2B0B8D83C4B099 /* Pods.release.xcconfig */,
			);
			name = Pods;
			sourceTree = "<group>";
		};
		7570D2D91C600E6A00EA34D3 /* ViewControllers */ = {
			isa = PBXGroup;
			children = (
				7570D2DA1C600E6A00EA34D3 /* StarterViewController.swift */,
				7570D2DD1C600E8B00EA34D3 /* SplashScreenViewController.swift */,
				75F1AD801C6F3D5B005D7FCA /* LeftMenuViewController.swift */,
				75F1AD821C6F4010005D7FCA /* OperatorsViewController.swift */,
				75F1AD841C6F42BC005D7FCA /* MainViewController.swift */,
				75F1AD8C1C6F7BB4005D7FCA /* DataViewController.swift */,
				753921D81C6FB9BE0086BB2D /* ConcurrencyViewController.swift */,
				7573DDFF1C7780A700E3C37F /* UIViewsViewController.swift */,
				756B02611C798621007DC54A /* CollectionContainerViewController.swift */,
			);
			path = ViewControllers;
			sourceTree = "<group>";
		};
		759F58AF1C75069C009C6E51 /* Images */ = {
			isa = PBXGroup;
			children = (
				75D75AFE1C77B4FE0095CE05 /* running_cat_transparent.gif */,
			);
			path = Images;
			sourceTree = "<group>";
		};
		75D7A4AB1C4E924400CDD88F = {
			isa = PBXGroup;
			children = (
				75D7A4B61C4E924400CDD88F /* SomeApp */,
				75D7A4CE1C4E924400CDD88F /* SomeAppTests */,
				75D7A4D91C4E924400CDD88F /* SomeAppUITests */,
				75D7A4B51C4E924400CDD88F /* Products */,
				754E8107255DB6E0CF6DE17A /* Pods */,
				CFB2A2C6277F3C8FB18AD242 /* Frameworks */,
			);
			sourceTree = "<group>";
		};
		75D7A4B51C4E924400CDD88F /* Products */ = {
			isa = PBXGroup;
			children = (
				75D7A4B41C4E924400CDD88F /* SomeApp.app */,
				75D7A4CB1C4E924400CDD88F /* SomeAppTests.xctest */,
				75D7A4D61C4E924400CDD88F /* SomeAppUITests.xctest */,
			);
			name = Products;
			sourceTree = "<group>";
		};
		75D7A4B61C4E924400CDD88F /* SomeApp */ = {
			isa = PBXGroup;
			children = (
				75F1AD681C6E8C92005D7FCA /* Supporting Files */,
				75F1AD6D1C6E8C92005D7FCA /* UI */,
				75D7A4E81C4E933700CDD88F /* Classes */,
			);
			path = SomeApp;
			sourceTree = "<group>";
		};
		75D7A4CE1C4E924400CDD88F /* SomeAppTests */ = {
			isa = PBXGroup;
			children = (
				75D7A4CF1C4E924400CDD88F /* SomeAppTests.swift */,
				75D7A4D11C4E924400CDD88F /* Info.plist */,
			);
			path = SomeAppTests;
			sourceTree = "<group>";
		};
		75D7A4D91C4E924400CDD88F /* SomeAppUITests */ = {
			isa = PBXGroup;
			children = (
				75D7A4DA1C4E924400CDD88F /* SomeAppUITests.swift */,
				75D7A4DC1C4E924400CDD88F /* Info.plist */,
			);
			path = SomeAppUITests;
			sourceTree = "<group>";
		};
		75D7A4E81C4E933700CDD88F /* Classes */ = {
			isa = PBXGroup;
			children = (
				75F1AD781C6E8CBC005D7FCA /* Utilities */,
				7570D2D91C600E6A00EA34D3 /* ViewControllers */,
				7570D2D81C600E6A00EA34D3 /* AppDelegate.swift */,
			);
			path = Classes;
			sourceTree = "<group>";
		};
		75F1AD681C6E8C92005D7FCA /* Supporting Files */ = {
			isa = PBXGroup;
			children = (
				759F58AF1C75069C009C6E51 /* Images */,
				75F1AD861C6F4B8A005D7FCA /* SomeApp-Bridging-Header.h */,
				75F1AD691C6E8C92005D7FCA /* Assets.xcassets */,
				75F1AD6A1C6E8C92005D7FCA /* Info.plist */,
				75F1AD6B1C6E8C92005D7FCA /* SomeApp.xcdatamodeld */,
			);
			path = "Supporting Files";
			sourceTree = "<group>";
		};
		75F1AD6D1C6E8C92005D7FCA /* UI */ = {
			isa = PBXGroup;
			children = (
				75C2C8E31C7554EA00D42707 /* NibView.swift */,
				75F1AD6E1C6E8C92005D7FCA /* LaunchScreen.storyboard */,
				75F1AD6F1C6E8C92005D7FCA /* Main.storyboard */,
				759F58A91C75008B009C6E51 /* AnimatedGifBoxView.xib */,
				759F58AD1C750168009C6E51 /* AnimatedGifBoxView.swift */,
				75DCE3991C76381A00FF6F18 /* ToastMessage.swift */,
				75DCE39B1C76382900FF6F18 /* ToastMessage.xib */,
			);
			path = UI;
			sourceTree = "<group>";
		};
		75F1AD781C6E8CBC005D7FCA /* Utilities */ = {
			isa = PBXGroup;
			children = (
				75F1AD791C6E8CBC005D7FCA /* PerrFuncs.swift */,
				75F1AD8A1C6F780F005D7FCA /* Constants.swift */,
				759F58AB1C7500C5009C6E51 /* UIImage+AnimatedGif.swift */,
			);
			path = Utilities;
			sourceTree = "<group>";
		};
		CFB2A2C6277F3C8FB18AD242 /* Frameworks */ = {
			isa = PBXGroup;
			children = (
				F43C2A525847F823E4E5B03E /* libPods.a */,
			);
			name = Frameworks;
			sourceTree = "<group>";
		};
/* End PBXGroup section */

/* Begin PBXNativeTarget section */
		75D7A4B31C4E924400CDD88F /* SomeApp */ = {
			isa = PBXNativeTarget;
			buildConfigurationList = 75D7A4DF1C4E924400CDD88F /* Build configuration list for PBXNativeTarget "SomeApp" */;
			buildPhases = (
				33CD16CC5D3000075BD66F12 /* Check Pods Manifest.lock */,
				75D7A4B01C4E924400CDD88F /* Sources */,
				75D7A4B11C4E924400CDD88F /* Frameworks */,
				75D7A4B21C4E924400CDD88F /* Resources */,
				9B2B74A52AB4CF8788CD2115 /* Embed Pods Frameworks */,
				79FA36548C805D0C949A6D38 /* Copy Pods Resources */,
			);
			buildRules = (
			);
			dependencies = (
			);
			name = SomeApp;
			productName = SomeApp;
			productReference = 75D7A4B41C4E924400CDD88F /* SomeApp.app */;
			productType = "com.apple.product-type.application";
		};
		75D7A4CA1C4E924400CDD88F /* SomeAppTests */ = {
			isa = PBXNativeTarget;
			buildConfigurationList = 75D7A4E21C4E924400CDD88F /* Build configuration list for PBXNativeTarget "SomeAppTests" */;
			buildPhases = (
				75D7A4C71C4E924400CDD88F /* Sources */,
				75D7A4C81C4E924400CDD88F /* Frameworks */,
				75D7A4C91C4E924400CDD88F /* Resources */,
			);
			buildRules = (
			);
			dependencies = (
				75D7A4CD1C4E924400CDD88F /* PBXTargetDependency */,
			);
			name = SomeAppTests;
			productName = SomeAppTests;
			productReference = 75D7A4CB1C4E924400CDD88F /* SomeAppTests.xctest */;
			productType = "com.apple.product-type.bundle.unit-test";
		};
		75D7A4D51C4E924400CDD88F /* SomeAppUITests */ = {
			isa = PBXNativeTarget;
			buildConfigurationList = 75D7A4E51C4E924400CDD88F /* Build configuration list for PBXNativeTarget "SomeAppUITests" */;
			buildPhases = (
				75D7A4D21C4E924400CDD88F /* Sources */,
				75D7A4D31C4E924400CDD88F /* Frameworks */,
				75D7A4D41C4E924400CDD88F /* Resources */,
			);
			buildRules = (
			);
			dependencies = (
				75D7A4D81C4E924400CDD88F /* PBXTargetDependency */,
			);
			name = SomeAppUITests;
			productName = SomeAppUITests;
			productReference = 75D7A4D61C4E924400CDD88F /* SomeAppUITests.xctest */;
			productType = "com.apple.product-type.bundle.ui-testing";
		};
/* End PBXNativeTarget section */

/* Begin PBXProject section */
		75D7A4AC1C4E924400CDD88F /* Project object */ = {
			isa = PBXProject;
			attributes = {
				LastSwiftUpdateCheck = 0720;
				LastUpgradeCheck = 0720;
				ORGANIZATIONNAME = PerrchicK;
				TargetAttributes = {
					75D7A4B31C4E924400CDD88F = {
						CreatedOnToolsVersion = 7.2;
						DevelopmentTeam = BYQ4J9BT99;
					};
					75D7A4CA1C4E924400CDD88F = {
						CreatedOnToolsVersion = 7.2;
						TestTargetID = 75D7A4B31C4E924400CDD88F;
					};
					75D7A4D51C4E924400CDD88F = {
						CreatedOnToolsVersion = 7.2;
						TestTargetID = 75D7A4B31C4E924400CDD88F;
					};
				};
			};
			buildConfigurationList = 75D7A4AF1C4E924400CDD88F /* Build configuration list for PBXProject "SomeApp" */;
			compatibilityVersion = "Xcode 3.2";
			developmentRegion = English;
			hasScannedForEncodings = 0;
			knownRegions = (
				en,
				Base,
			);
			mainGroup = 75D7A4AB1C4E924400CDD88F;
			productRefGroup = 75D7A4B51C4E924400CDD88F /* Products */;
			projectDirPath = "";
			projectRoot = "";
			targets = (
				75D7A4B31C4E924400CDD88F /* SomeApp */,
				75D7A4CA1C4E924400CDD88F /* SomeAppTests */,
				75D7A4D51C4E924400CDD88F /* SomeAppUITests */,
			);
		};
/* End PBXProject section */

/* Begin PBXResourcesBuildPhase section */
		75D7A4B21C4E924400CDD88F /* Resources */ = {
			isa = PBXResourcesBuildPhase;
			buildActionMask = 2147483647;
			files = (
				759F58AA1C75008B009C6E51 /* AnimatedGifBoxView.xib in Resources */,
				75F1AD731C6E8C92005D7FCA /* LaunchScreen.storyboard in Resources */,
				75F1AD701C6E8C92005D7FCA /* Assets.xcassets in Resources */,
				75D75AFF1C77B4FE0095CE05 /* running_cat_transparent.gif in Resources */,
				75DCE39C1C76382900FF6F18 /* ToastMessage.xib in Resources */,
				75F1AD741C6E8C92005D7FCA /* Main.storyboard in Resources */,
			);
			runOnlyForDeploymentPostprocessing = 0;
		};
		75D7A4C91C4E924400CDD88F /* Resources */ = {
			isa = PBXResourcesBuildPhase;
			buildActionMask = 2147483647;
			files = (
			);
			runOnlyForDeploymentPostprocessing = 0;
		};
		75D7A4D41C4E924400CDD88F /* Resources */ = {
			isa = PBXResourcesBuildPhase;
			buildActionMask = 2147483647;
			files = (
			);
			runOnlyForDeploymentPostprocessing = 0;
		};
/* End PBXResourcesBuildPhase section */

/* Begin PBXShellScriptBuildPhase section */
		33CD16CC5D3000075BD66F12 /* Check Pods Manifest.lock */ = {
			isa = PBXShellScriptBuildPhase;
			buildActionMask = 2147483647;
			files = (
			);
			inputPaths = (
			);
			name = "Check Pods Manifest.lock";
			outputPaths = (
			);
			runOnlyForDeploymentPostprocessing = 0;
			shellPath = /bin/sh;
			shellScript = "diff \"${PODS_ROOT}/../Podfile.lock\" \"${PODS_ROOT}/Manifest.lock\" > /dev/null\nif [[ $? != 0 ]] ; then\n    cat << EOM\nerror: The sandbox is not in sync with the Podfile.lock. Run 'pod install' or update your CocoaPods installation.\nEOM\n    exit 1\nfi\n";
			showEnvVarsInLog = 0;
		};
		79FA36548C805D0C949A6D38 /* Copy Pods Resources */ = {
			isa = PBXShellScriptBuildPhase;
			buildActionMask = 2147483647;
			files = (
			);
			inputPaths = (
			);
			name = "Copy Pods Resources";
			outputPaths = (
			);
			runOnlyForDeploymentPostprocessing = 0;
			shellPath = /bin/sh;
			shellScript = "\"${SRCROOT}/Pods/Target Support Files/Pods/Pods-resources.sh\"\n";
			showEnvVarsInLog = 0;
		};
		9B2B74A52AB4CF8788CD2115 /* Embed Pods Frameworks */ = {
			isa = PBXShellScriptBuildPhase;
			buildActionMask = 2147483647;
			files = (
			);
			inputPaths = (
			);
			name = "Embed Pods Frameworks";
			outputPaths = (
			);
			runOnlyForDeploymentPostprocessing = 0;
			shellPath = /bin/sh;
			shellScript = "\"${SRCROOT}/Pods/Target Support Files/Pods/Pods-frameworks.sh\"\n";
			showEnvVarsInLog = 0;
		};
/* End PBXShellScriptBuildPhase section */

/* Begin PBXSourcesBuildPhase section */
		75D7A4B01C4E924400CDD88F /* Sources */ = {
			isa = PBXSourcesBuildPhase;
			buildActionMask = 2147483647;
			files = (
				756B02621C798621007DC54A /* CollectionContainerViewController.swift in Sources */,
				75F1AD831C6F4011005D7FCA /* OperatorsViewController.swift in Sources */,
				7573DE001C7780A700E3C37F /* UIViewsViewController.swift in Sources */,
				75F1AD721C6E8C92005D7FCA /* SomeApp.xcdatamodeld in Sources */,
				7570D2DB1C600E6A00EA34D3 /* AppDelegate.swift in Sources */,
				75F1AD811C6F3D5B005D7FCA /* LeftMenuViewController.swift in Sources */,
				753921D91C6FB9BE0086BB2D /* ConcurrencyViewController.swift in Sources */,
				7570D2DC1C600E6A00EA34D3 /* StarterViewController.swift in Sources */,
				75C2C8E41C7554EA00D42707 /* NibView.swift in Sources */,
				759F58AC1C7500C5009C6E51 /* UIImage+AnimatedGif.swift in Sources */,
				7570D2DE1C600E8B00EA34D3 /* SplashScreenViewController.swift in Sources */,
				759F58AE1C750168009C6E51 /* AnimatedGifBoxView.swift in Sources */,
				75F1AD7A1C6E8CBC005D7FCA /* PerrFuncs.swift in Sources */,
				75F1AD851C6F42BC005D7FCA /* MainViewController.swift in Sources */,
				75F1AD8B1C6F780F005D7FCA /* Constants.swift in Sources */,
				75DCE39A1C76381A00FF6F18 /* ToastMessage.swift in Sources */,
				75F1AD8D1C6F7BB4005D7FCA /* DataViewController.swift in Sources */,
			);
			runOnlyForDeploymentPostprocessing = 0;
		};
		75D7A4C71C4E924400CDD88F /* Sources */ = {
			isa = PBXSourcesBuildPhase;
			buildActionMask = 2147483647;
			files = (
				75D7A4D01C4E924400CDD88F /* SomeAppTests.swift in Sources */,
			);
			runOnlyForDeploymentPostprocessing = 0;
		};
		75D7A4D21C4E924400CDD88F /* Sources */ = {
			isa = PBXSourcesBuildPhase;
			buildActionMask = 2147483647;
			files = (
				75D7A4DB1C4E924400CDD88F /* SomeAppUITests.swift in Sources */,
			);
			runOnlyForDeploymentPostprocessing = 0;
		};
/* End PBXSourcesBuildPhase section */

/* Begin PBXTargetDependency section */
		75D7A4CD1C4E924400CDD88F /* PBXTargetDependency */ = {
			isa = PBXTargetDependency;
			target = 75D7A4B31C4E924400CDD88F /* SomeApp */;
			targetProxy = 75D7A4CC1C4E924400CDD88F /* PBXContainerItemProxy */;
		};
		75D7A4D81C4E924400CDD88F /* PBXTargetDependency */ = {
			isa = PBXTargetDependency;
			target = 75D7A4B31C4E924400CDD88F /* SomeApp */;
			targetProxy = 75D7A4D71C4E924400CDD88F /* PBXContainerItemProxy */;
		};
/* End PBXTargetDependency section */

/* Begin XCBuildConfiguration section */
		75D7A4DD1C4E924400CDD88F /* Debug */ = {
			isa = XCBuildConfiguration;
			buildSettings = {
				ALWAYS_SEARCH_USER_PATHS = NO;
				CLANG_CXX_LANGUAGE_STANDARD = "gnu++0x";
				CLANG_CXX_LIBRARY = "libc++";
				CLANG_ENABLE_MODULES = YES;
				CLANG_ENABLE_OBJC_ARC = YES;
				CLANG_WARN_BOOL_CONVERSION = YES;
				CLANG_WARN_CONSTANT_CONVERSION = YES;
				CLANG_WARN_DIRECT_OBJC_ISA_USAGE = YES_ERROR;
				CLANG_WARN_EMPTY_BODY = YES;
				CLANG_WARN_ENUM_CONVERSION = YES;
				CLANG_WARN_INT_CONVERSION = YES;
				CLANG_WARN_OBJC_ROOT_CLASS = YES_ERROR;
				CLANG_WARN_UNREACHABLE_CODE = YES;
				CLANG_WARN__DUPLICATE_METHOD_MATCH = YES;
				COPY_PHASE_STRIP = NO;
				DEBUG_INFORMATION_FORMAT = dwarf;
				ENABLE_STRICT_OBJC_MSGSEND = YES;
				ENABLE_TESTABILITY = YES;
				GCC_C_LANGUAGE_STANDARD = gnu99;
				GCC_DYNAMIC_NO_PIC = NO;
				GCC_NO_COMMON_BLOCKS = YES;
				GCC_OPTIMIZATION_LEVEL = 0;
				GCC_PREPROCESSOR_DEFINITIONS = (
					"DEBUG=1",
					"$(inherited)",
				);
				GCC_WARN_64_TO_32_BIT_CONVERSION = YES;
				GCC_WARN_ABOUT_RETURN_TYPE = YES_ERROR;
				GCC_WARN_UNDECLARED_SELECTOR = YES;
				GCC_WARN_UNINITIALIZED_AUTOS = YES_AGGRESSIVE;
				GCC_WARN_UNUSED_FUNCTION = YES;
				GCC_WARN_UNUSED_VARIABLE = YES;
				IPHONEOS_DEPLOYMENT_TARGET = 9.2;
				MTL_ENABLE_DEBUG_INFO = YES;
				ONLY_ACTIVE_ARCH = YES;
				SDKROOT = iphoneos;
				SWIFT_OPTIMIZATION_LEVEL = "-Onone";
			};
			name = Debug;
		};
		75D7A4DE1C4E924400CDD88F /* Release */ = {
			isa = XCBuildConfiguration;
			buildSettings = {
				ALWAYS_SEARCH_USER_PATHS = NO;
				CLANG_CXX_LANGUAGE_STANDARD = "gnu++0x";
				CLANG_CXX_LIBRARY = "libc++";
				CLANG_ENABLE_MODULES = YES;
				CLANG_ENABLE_OBJC_ARC = YES;
				CLANG_WARN_BOOL_CONVERSION = YES;
				CLANG_WARN_CONSTANT_CONVERSION = YES;
				CLANG_WARN_DIRECT_OBJC_ISA_USAGE = YES_ERROR;
				CLANG_WARN_EMPTY_BODY = YES;
				CLANG_WARN_ENUM_CONVERSION = YES;
				CLANG_WARN_INT_CONVERSION = YES;
				CLANG_WARN_OBJC_ROOT_CLASS = YES_ERROR;
				CLANG_WARN_UNREACHABLE_CODE = YES;
				CLANG_WARN__DUPLICATE_METHOD_MATCH = YES;
				"CODE_SIGN_IDENTITY[sdk=iphoneos*]" = "iPhone Developer";
				COPY_PHASE_STRIP = NO;
				DEBUG_INFORMATION_FORMAT = "dwarf-with-dsym";
				ENABLE_NS_ASSERTIONS = NO;
				ENABLE_STRICT_OBJC_MSGSEND = YES;
				GCC_C_LANGUAGE_STANDARD = gnu99;
				GCC_NO_COMMON_BLOCKS = YES;
				GCC_WARN_64_TO_32_BIT_CONVERSION = YES;
				GCC_WARN_ABOUT_RETURN_TYPE = YES_ERROR;
				GCC_WARN_UNDECLARED_SELECTOR = YES;
				GCC_WARN_UNINITIALIZED_AUTOS = YES_AGGRESSIVE;
				GCC_WARN_UNUSED_FUNCTION = YES;
				GCC_WARN_UNUSED_VARIABLE = YES;
				IPHONEOS_DEPLOYMENT_TARGET = 9.2;
				MTL_ENABLE_DEBUG_INFO = NO;
				SDKROOT = iphoneos;
				VALIDATE_PRODUCT = YES;
			};
			name = Release;
		};
		75D7A4E01C4E924400CDD88F /* Debug */ = {
			isa = XCBuildConfiguration;
			baseConfigurationReference = DB0C033BF3BDE91234F4F6BC /* Pods.debug.xcconfig */;
			buildSettings = {
				ASSETCATALOG_COMPILER_APPICON_NAME = AppIcon;
				CLANG_ENABLE_MODULES = YES;
				CODE_SIGN_IDENTITY = "iPhone Developer";
				"CODE_SIGN_IDENTITY[sdk=iphoneos*]" = "iPhone Developer";
				INFOPLIST_FILE = "SomeApp/Supporting Files/Info.plist";
				LD_RUNPATH_SEARCH_PATHS = "$(inherited) @executable_path/Frameworks";
				PRODUCT_BUNDLE_IDENTIFIER = com.perrchick.SomeApp;
				PRODUCT_NAME = "$(TARGET_NAME)";
				PROVISIONING_PROFILE = "";
				SWIFT_OBJC_BRIDGING_HEADER = "SomeApp/Supporting Files/SomeApp-Bridging-Header.h";
				SWIFT_OPTIMIZATION_LEVEL = "-Onone";
			};
			name = Debug;
		};
		75D7A4E11C4E924400CDD88F /* Release */ = {
			isa = XCBuildConfiguration;
			baseConfigurationReference = 403511240D2B0B8D83C4B099 /* Pods.release.xcconfig */;
			buildSettings = {
				ASSETCATALOG_COMPILER_APPICON_NAME = AppIcon;
				CODE_SIGN_IDENTITY = "iPhone Developer";
				"CODE_SIGN_IDENTITY[sdk=iphoneos*]" = "iPhone Developer";
				INFOPLIST_FILE = "SomeApp/Supporting Files/Info.plist";
				LD_RUNPATH_SEARCH_PATHS = "$(inherited) @executable_path/Frameworks";
				PRODUCT_BUNDLE_IDENTIFIER = com.perrchick.SomeApp;
				PRODUCT_NAME = "$(TARGET_NAME)";
				PROVISIONING_PROFILE = "";
				SWIFT_OBJC_BRIDGING_HEADER = "SomeApp/Supporting Files/SomeApp-Bridging-Header.h";
			};
			name = Release;
		};
		75D7A4E31C4E924400CDD88F /* Debug */ = {
			isa = XCBuildConfiguration;
			buildSettings = {
				BUNDLE_LOADER = "$(TEST_HOST)";
				INFOPLIST_FILE = SomeAppTests/Info.plist;
				LD_RUNPATH_SEARCH_PATHS = "$(inherited) @executable_path/Frameworks @loader_path/Frameworks";
				PRODUCT_BUNDLE_IDENTIFIER = com.perrchick.SomeAppTests;
				PRODUCT_NAME = "$(TARGET_NAME)";
				TEST_HOST = "$(BUILT_PRODUCTS_DIR)/SomeApp.app/SomeApp";
			};
			name = Debug;
		};
		75D7A4E41C4E924400CDD88F /* Release */ = {
			isa = XCBuildConfiguration;
			buildSettings = {
				BUNDLE_LOADER = "$(TEST_HOST)";
				INFOPLIST_FILE = SomeAppTests/Info.plist;
				LD_RUNPATH_SEARCH_PATHS = "$(inherited) @executable_path/Frameworks @loader_path/Frameworks";
				PRODUCT_BUNDLE_IDENTIFIER = com.perrchick.SomeAppTests;
				PRODUCT_NAME = "$(TARGET_NAME)";
				TEST_HOST = "$(BUILT_PRODUCTS_DIR)/SomeApp.app/SomeApp";
			};
			name = Release;
		};
		75D7A4E61C4E924400CDD88F /* Debug */ = {
			isa = XCBuildConfiguration;
			buildSettings = {
				INFOPLIST_FILE = SomeAppUITests/Info.plist;
				LD_RUNPATH_SEARCH_PATHS = "$(inherited) @executable_path/Frameworks @loader_path/Frameworks";
				PRODUCT_BUNDLE_IDENTIFIER = com.perrchick.SomeAppUITests;
				PRODUCT_NAME = "$(TARGET_NAME)";
				TEST_TARGET_NAME = SomeApp;
				USES_XCTRUNNER = YES;
			};
			name = Debug;
		};
		75D7A4E71C4E924400CDD88F /* Release */ = {
			isa = XCBuildConfiguration;
			buildSettings = {
				INFOPLIST_FILE = SomeAppUITests/Info.plist;
				LD_RUNPATH_SEARCH_PATHS = "$(inherited) @executable_path/Frameworks @loader_path/Frameworks";
				PRODUCT_BUNDLE_IDENTIFIER = com.perrchick.SomeAppUITests;
				PRODUCT_NAME = "$(TARGET_NAME)";
				TEST_TARGET_NAME = SomeApp;
				USES_XCTRUNNER = YES;
			};
			name = Release;
		};
/* End XCBuildConfiguration section */

/* Begin XCConfigurationList section */
		75D7A4AF1C4E924400CDD88F /* Build configuration list for PBXProject "SomeApp" */ = {
			isa = XCConfigurationList;
			buildConfigurations = (
				75D7A4DD1C4E924400CDD88F /* Debug */,
				75D7A4DE1C4E924400CDD88F /* Release */,
			);
			defaultConfigurationIsVisible = 0;
			defaultConfigurationName = Release;
		};
		75D7A4DF1C4E924400CDD88F /* Build configuration list for PBXNativeTarget "SomeApp" */ = {
			isa = XCConfigurationList;
			buildConfigurations = (
				75D7A4E01C4E924400CDD88F /* Debug */,
				75D7A4E11C4E924400CDD88F /* Release */,
			);
			defaultConfigurationIsVisible = 0;
			defaultConfigurationName = Release;
		};
		75D7A4E21C4E924400CDD88F /* Build configuration list for PBXNativeTarget "SomeAppTests" */ = {
			isa = XCConfigurationList;
			buildConfigurations = (
				75D7A4E31C4E924400CDD88F /* Debug */,
				75D7A4E41C4E924400CDD88F /* Release */,
			);
			defaultConfigurationIsVisible = 0;
			defaultConfigurationName = Release;
		};
		75D7A4E51C4E924400CDD88F /* Build configuration list for PBXNativeTarget "SomeAppUITests" */ = {
			isa = XCConfigurationList;
			buildConfigurations = (
				75D7A4E61C4E924400CDD88F /* Debug */,
				75D7A4E71C4E924400CDD88F /* Release */,
			);
			defaultConfigurationIsVisible = 0;
			defaultConfigurationName = Release;
		};
/* End XCConfigurationList section */

/* Begin XCVersionGroup section */
		75F1AD6B1C6E8C92005D7FCA /* SomeApp.xcdatamodeld */ = {
			isa = XCVersionGroup;
			children = (
				75F1AD6C1C6E8C92005D7FCA /* SomeApp.xcdatamodel */,
			);
			currentVersion = 75F1AD6C1C6E8C92005D7FCA /* SomeApp.xcdatamodel */;
			path = SomeApp.xcdatamodeld;
			sourceTree = "<group>";
			versionGroupType = wrapper.xcdatamodel;
		};
/* End XCVersionGroup section */
	};
	rootObject = 75D7A4AC1C4E924400CDD88F /* Project object */;
}
