PODS:
  - Alamofire (5.0.0-rc.3)
  - BetterSegmentedControl (1.3.0)
  - CrashOps (0.0.65):
    - KZCrash (= 1.15.21)
  - Firebase/Auth (6.15.0):
    - Firebase/CoreOnly
    - FirebaseAuth (~> 6.4.2)
  - Firebase/Core (6.15.0):
    - Firebase/CoreOnly
    - FirebaseAnalytics (= 6.2.1)
  - Firebase/CoreOnly (6.15.0):
    - FirebaseCore (= 6.6.0)
  - Firebase/Database (6.15.0):
    - Firebase/CoreOnly
    - FirebaseDatabase (~> 6.1.4)
  - Firebase/Messaging (6.15.0):
    - Firebase/CoreOnly
    - FirebaseMessaging (~> 4.2.0)
  - FirebaseAnalytics (6.2.1):
    - FirebaseCore (~> 6.6)
    - FirebaseInstanceID (~> 4.3)
    - GoogleAppMeasurement (= 6.2.1)
    - GoogleUtilities/AppDelegateSwizzler (~> 6.0)
    - GoogleUtilities/MethodSwizzler (~> 6.0)
    - GoogleUtilities/Network (~> 6.0)
    - "GoogleUtilities/NSData+zlib (~> 6.0)"
    - nanopb (= 0.3.9011)
  - FirebaseAnalyticsInterop (1.5.0)
  - FirebaseAuth (6.4.2):
    - FirebaseAuthInterop (~> 1.0)
    - FirebaseCore (~> 6.2)
    - GoogleUtilities/AppDelegateSwizzler (~> 6.2)
    - GoogleUtilities/Environment (~> 6.2)
    - GTMSessionFetcher/Core (~> 1.1)
  - FirebaseAuthInterop (1.0.0)
  - FirebaseCore (6.6.0):
    - FirebaseCoreDiagnostics (~> 1.2)
    - FirebaseCoreDiagnosticsInterop (~> 1.2)
    - GoogleUtilities/Environment (~> 6.5)
    - GoogleUtilities/Logger (~> 6.5)
  - FirebaseCoreDiagnostics (1.2.0):
    - FirebaseCoreDiagnosticsInterop (~> 1.2)
    - GoogleDataTransportCCTSupport (~> 1.3)
    - GoogleUtilities/Environment (~> 6.5)
    - GoogleUtilities/Logger (~> 6.5)
    - nanopb (~> 0.3.901)
  - FirebaseCoreDiagnosticsInterop (1.2.0)
  - FirebaseDatabase (6.1.4):
    - FirebaseAuthInterop (~> 1.0)
    - FirebaseCore (~> 6.0)
    - leveldb-library (~> 1.22)
  - FirebaseInstallations (1.1.0):
    - FirebaseCore (~> 6.6)
    - GoogleUtilities/UserDefaults (~> 6.5)
    - PromisesObjC (~> 1.2)
  - FirebaseInstanceID (4.3.0):
    - FirebaseCore (~> 6.6)
    - FirebaseInstallations (~> 1.0)
    - GoogleUtilities/Environment (~> 6.5)
    - GoogleUtilities/UserDefaults (~> 6.5)
  - FirebaseMessaging (4.2.0):
    - FirebaseAnalyticsInterop (~> 1.5)
    - FirebaseCore (~> 6.6)
    - FirebaseInstanceID (~> 4.3)
    - GoogleUtilities/AppDelegateSwizzler (~> 6.5)
    - GoogleUtilities/Environment (~> 6.5)
    - GoogleUtilities/Reachability (~> 6.5)
    - GoogleUtilities/UserDefaults (~> 6.5)
    - Protobuf (>= 3.9.2, ~> 3.9)
  - GoogleAppMeasurement (6.2.1):
    - GoogleUtilities/AppDelegateSwizzler (~> 6.0)
    - GoogleUtilities/MethodSwizzler (~> 6.0)
    - GoogleUtilities/Network (~> 6.0)
    - "GoogleUtilities/NSData+zlib (~> 6.0)"
    - nanopb (= 0.3.9011)
  - GoogleDataTransport (3.3.0)
  - GoogleDataTransportCCTSupport (1.3.0):
    - GoogleDataTransport (~> 3.3)
    - nanopb (~> 0.3.901)
  - GoogleUtilities/AppDelegateSwizzler (6.5.0):
    - GoogleUtilities/Environment
    - GoogleUtilities/Logger
    - GoogleUtilities/Network
  - GoogleUtilities/Environment (6.5.0)
  - GoogleUtilities/Logger (6.5.0):
    - GoogleUtilities/Environment
  - GoogleUtilities/MethodSwizzler (6.5.0):
    - GoogleUtilities/Logger
  - GoogleUtilities/Network (6.5.0):
    - GoogleUtilities/Logger
    - "GoogleUtilities/NSData+zlib"
    - GoogleUtilities/Reachability
  - "GoogleUtilities/NSData+zlib (6.5.0)"
  - GoogleUtilities/Reachability (6.5.0):
    - GoogleUtilities/Logger
  - GoogleUtilities/UserDefaults (6.5.0):
    - GoogleUtilities/Logger
  - GTMSessionFetcher/Core (1.3.1)
  - KZCrash (1.15.21):
    - KZCrash/Installations (= 1.15.21)
  - KZCrash/Installations (1.15.21):
    - KZCrash/Recording
    - KZCrash/Reporting
  - KZCrash/Recording (1.15.21):
    - KZCrash/Recording/Tools (= 1.15.21)
  - KZCrash/Recording/Tools (1.15.21)
  - KZCrash/Reporting (1.15.21):
    - KZCrash/Recording
    - KZCrash/Reporting/Filters (= 1.15.21)
    - KZCrash/Reporting/MessageUI (= 1.15.21)
    - KZCrash/Reporting/Sinks (= 1.15.21)
    - KZCrash/Reporting/Tools (= 1.15.21)
  - KZCrash/Reporting/Filters (1.15.21):
    - KZCrash/Recording
    - KZCrash/Reporting/Filters/Alert (= 1.15.21)
    - KZCrash/Reporting/Filters/AppleFmt (= 1.15.21)
    - KZCrash/Reporting/Filters/Base (= 1.15.21)
    - KZCrash/Reporting/Filters/Basic (= 1.15.21)
    - KZCrash/Reporting/Filters/GZip (= 1.15.21)
    - KZCrash/Reporting/Filters/JSON (= 1.15.21)
    - KZCrash/Reporting/Filters/Sets (= 1.15.21)
    - KZCrash/Reporting/Filters/Stringify (= 1.15.21)
    - KZCrash/Reporting/Filters/Tools (= 1.15.21)
  - KZCrash/Reporting/Filters/Alert (1.15.21):
    - KZCrash/Recording
    - KZCrash/Reporting/Filters/Base
  - KZCrash/Reporting/Filters/AppleFmt (1.15.21):
    - KZCrash/Recording
    - KZCrash/Reporting/Filters/Base
  - KZCrash/Reporting/Filters/Base (1.15.21):
    - KZCrash/Recording
  - KZCrash/Reporting/Filters/Basic (1.15.21):
    - KZCrash/Recording
    - KZCrash/Reporting/Filters/Base
  - KZCrash/Reporting/Filters/GZip (1.15.21):
    - KZCrash/Recording
    - KZCrash/Reporting/Filters/Base
  - KZCrash/Reporting/Filters/JSON (1.15.21):
    - KZCrash/Recording
    - KZCrash/Reporting/Filters/Base
  - KZCrash/Reporting/Filters/Sets (1.15.21):
    - KZCrash/Recording
    - KZCrash/Reporting/Filters/AppleFmt
    - KZCrash/Reporting/Filters/Base
    - KZCrash/Reporting/Filters/Basic
    - KZCrash/Reporting/Filters/GZip
    - KZCrash/Reporting/Filters/JSON
    - KZCrash/Reporting/Filters/Stringify
  - KZCrash/Reporting/Filters/Stringify (1.15.21):
    - KZCrash/Recording
    - KZCrash/Reporting/Filters/Base
  - KZCrash/Reporting/Filters/Tools (1.15.21):
    - KZCrash/Recording
  - KZCrash/Reporting/MessageUI (1.15.21):
    - KZCrash/Recording
  - KZCrash/Reporting/Sinks (1.15.21):
    - KZCrash/Recording
    - KZCrash/Reporting/Filters
    - KZCrash/Reporting/Tools
  - KZCrash/Reporting/Tools (1.15.21):
    - KZCrash/Recording
  - leveldb-library (1.22)
  - MMDrawerController (0.5.7):
    - MMDrawerController/Core (= 0.5.7)
    - MMDrawerController/MMDrawerBarButtonItem (= 0.5.7)
    - MMDrawerController/MMDrawerVisualStates (= 0.5.7)
    - MMDrawerController/Subclass (= 0.5.7)
  - MMDrawerController/Core (0.5.7)
  - MMDrawerController/MMDrawerBarButtonItem (0.5.7):
    - MMDrawerController/Core
  - MMDrawerController/MMDrawerVisualStates (0.5.7):
    - MMDrawerController/Core
  - MMDrawerController/Subclass (0.5.7):
    - MMDrawerController/Core
  - nanopb (0.3.9011):
    - nanopb/decode (= 0.3.9011)
    - nanopb/encode (= 0.3.9011)
  - nanopb/decode (0.3.9011)
  - nanopb/encode (0.3.9011)
  - OnGestureSwift (0.3.0)
  - PromisesObjC (1.2.8)
  - Protobuf (3.11.2)
  - SwiftKeychainWrapper (3.4.0)

DEPENDENCIES:
  - Alamofire (~> 5.0.0-rc.3)
  - BetterSegmentedControl (~> 1.2)
  - CrashOps (= 0.0.65)
  - Firebase/Auth
  - Firebase/Core
  - Firebase/Database
  - Firebase/Messaging
  - MMDrawerController (~> 0.5.7)
  - OnGestureSwift
  - SwiftKeychainWrapper

SPEC REPOS:
  trunk:
    - Alamofire
    - BetterSegmentedControl
    - CrashOps
    - Firebase
    - FirebaseAnalytics
    - FirebaseAnalyticsInterop
    - FirebaseAuth
    - FirebaseAuthInterop
    - FirebaseCore
    - FirebaseCoreDiagnostics
    - FirebaseCoreDiagnosticsInterop
    - FirebaseDatabase
    - FirebaseInstallations
    - FirebaseInstanceID
    - FirebaseMessaging
    - GoogleAppMeasurement
    - GoogleDataTransport
    - GoogleDataTransportCCTSupport
    - GoogleUtilities
    - GTMSessionFetcher
    - KZCrash
    - leveldb-library
    - MMDrawerController
    - nanopb
    - OnGestureSwift
    - PromisesObjC
    - Protobuf
    - SwiftKeychainWrapper

SPEC CHECKSUMS:
  Alamofire: ca8c0de6906873be89d6deec5c8de279e00bf872
  BetterSegmentedControl: 85d1b0343a09603b098884d527f550dfc8e6cdd9
  CrashOps: d25784911bc50a3e8966bba4df3cea82ace909e3
  Firebase: 5d77105d9740a07ca6b16927ca971db7e860faaf
  FirebaseAnalytics: e83e64b1231dedcd9ddd4bdecd9bcfd6ba341679
  FirebaseAnalyticsInterop: 3f86269c38ae41f47afeb43ebf32a001f58fcdae
  FirebaseAuth: ce45d7c5d46bed90159f3a73b6efbe8976ed3573
  FirebaseAuthInterop: 0ffa57668be100582bb7643d4fcb7615496c41fc
  FirebaseCore: 4aeb81ff53dcd9a3634ca725dc1fb8c2a4622046
  FirebaseCoreDiagnostics: 5e78803ab276bc5b50340e3c539c06c3de35c649
  FirebaseCoreDiagnosticsInterop: 296e2c5f5314500a850ad0b83e9e7c10b011a850
  FirebaseDatabase: 0144e0706a4761f1b0e8679572eba8095ddb59be
  FirebaseInstallations: 575cd32f2aec0feeb0e44f5d0110a09e5e60b47b
  FirebaseInstanceID: 6668efc1655a4052c083f287a7141f1ead12f9c2
  FirebaseMessaging: 448cf4c727f3c95f4f90816907d67306ba785cfe
  GoogleAppMeasurement: a08a43b8677b95ed51fcef880e36737334d804fd
  GoogleDataTransport: 574a983e829327d7c18f2627f65d9e80164ea8a4
  GoogleDataTransportCCTSupport: cad3cd6cdbdbad6b5c2c9206ec413402755faaaa
  GoogleUtilities: f8de7ddf8c706f58e9b405d53e38bbdaa2731e5a
  GTMSessionFetcher: cea130bbfe5a7edc8d06d3f0d17288c32ffe9925
  KZCrash: 650682c7d5093eaa11e7cc8df2685daf7e2cbc4d
  leveldb-library: 55d93ee664b4007aac644a782d11da33fba316f7
  MMDrawerController: 7a4cf8e25596bf2434e03ce50d22a8608ddee6a1
  nanopb: 18003b5e52dab79db540fe93fe9579f399bd1ccd
  OnGestureSwift: a3a2751b5be7cc958a7672ac265073381558de4f
  PromisesObjC: c119f3cd559f50b7ae681fa59dc1acd19173b7e6
  Protobuf: dd1aaea7140debfe4dd0683fb8ef208e527ae153
  SwiftKeychainWrapper: 6fc49fbf7d4a6b0772917acb0e53a1639f6078d6

PODFILE CHECKSUM: 1e0e579821b3a37144dbdaee9dd31278f896255a

COCOAPODS: 1.8.4
